
Microsoft Visual Studio Solution File, Format Version 12.00
# Visual Studio 15
VisualStudioVersion = 15.0.27703.2000
MinimumVisualStudioVersion = 10.0.40219.1
Project("{FAE04EC0-301F-11D3-BF4B-00C04F79EFBC}") = "Technical solution", "Technical solution\Technical solution.csproj", "{90A0D5BD-886C-4C93-BB17-A37C8A46EA31}"
EndProject
Global
	GlobalSection(SolutionConfigurationPlatforms) = preSolution
		Debug|Any CPU = Debug|Any CPU
		Release|Any CPU = Release|Any CPU
	EndGlobalSection
	GlobalSection(ProjectConfigurationPlatforms) = postSolution
		{90A0D5BD-886C-4C93-BB17-A37C8A46EA31}.Debug|Any CPU.ActiveCfg = Debug|Any CPU
		{90A0D5BD-886C-4C93-BB17-A37C8A46EA31}.Debug|Any CPU.Build.0 = Debug|Any CPU
		{90A0D5BD-886C-4C93-BB17-A37C8A46EA31}.Release|Any CPU.ActiveCfg = Release|Any CPU
		{90A0D5BD-886C-4C93-BB17-A37C8A46EA31}.Release|Any CPU.Build.0 = Release|Any CPU
	EndGlobalSection
	GlobalSection(SolutionProperties) = preSolution
		HideSolutionNode = FALSE
	EndGlobalSection
	GlobalSection(ExtensibilityGlobals) = postSolution
		SolutionGuid = {78A8824C-8A7F-4D83-B6A8-72E624BEF882}
	EndGlobalSection
EndGlobal
